
Microsoft Visual Studio Solution File, Format Version 12.00
# Visual Studio Version 17
VisualStudioVersion = 17.14.36623.8 d17.14
MinimumVisualStudioVersion = 10.0.40219.1
Project("{FAE04EC0-301F-11D3-BF4B-00C04F79EFBC}") = "etudiantes-web-api", "etudiantes-web-api.csproj", "{052E2DB1-9B60-4993-8E1D-438A7EF99AD4}"
EndProject
Global
	GlobalSection(SolutionConfigurationPlatforms) = preSolution
		Debug|Any CPU = Debug|Any CPU
		Release|Any CPU = Release|Any CPU
	EndGlobalSection
	GlobalSection(ProjectConfigurationPlatforms) = postSolution
		{052E2DB1-9B60-4993-8E1D-438A7EF99AD4}.Debug|Any CPU.ActiveCfg = Debug|Any CPU
		{052E2DB1-9B60-4993-8E1D-438A7EF99AD4}.Debug|Any CPU.Build.0 = Debug|Any CPU
		{052E2DB1-9B60-4993-8E1D-438A7EF99AD4}.Release|Any CPU.ActiveCfg = Release|Any CPU
		{052E2DB1-9B60-4993-8E1D-438A7EF99AD4}.Release|Any CPU.Build.0 = Release|Any CPU
	EndGlobalSection
	GlobalSection(SolutionProperties) = preSolution
		HideSolutionNode = FALSE
	EndGlobalSection
	GlobalSection(ExtensibilityGlobals) = postSolution
		SolutionGuid = {912BF686-50F1-49ED-818E-34E829BE6F4D}
	EndGlobalSection
EndGlobal
